// !$*UTF8*$!
{
	archiveVersion = 1;
	classes = {
	};
	objectVersion = 46;
	objects = {

/* Begin PBXBuildFile section */
		411EA5381FECA0B300E32ABD /* Item.swift in Sources */ = {isa = PBXBuildFile; fileRef = 411EA5371FECA0B300E32ABD /* Item.swift */; };
		411EA53A1FF080F800E32ABD /* DataViewController.swift in Sources */ = {isa = PBXBuildFile; fileRef = 411EA5391FF080F800E32ABD /* DataViewController.swift */; };
		41F831891FE9FC2100638587 /* AppDelegate.swift in Sources */ = {isa = PBXBuildFile; fileRef = 41F831881FE9FC2100638587 /* AppDelegate.swift */; };
		41F8318E1FE9FC2100638587 /* Main.storyboard in Resources */ = {isa = PBXBuildFile; fileRef = 41F8318C1FE9FC2100638587 /* Main.storyboard */; };
		41F831901FE9FC2100638587 /* Assets.xcassets in Resources */ = {isa = PBXBuildFile; fileRef = 41F8318F1FE9FC2100638587 /* Assets.xcassets */; };
		41F831931FE9FC2100638587 /* LaunchScreen.storyboard in Resources */ = {isa = PBXBuildFile; fileRef = 41F831911FE9FC2100638587 /* LaunchScreen.storyboard */; };
		41F8319B1FE9FCC200638587 /* ListViewController.swift in Sources */ = {isa = PBXBuildFile; fileRef = 41F8319A1FE9FCC200638587 /* ListViewController.swift */; };
/* End PBXBuildFile section */

/* Begin PBXFileReference section */
		411EA5371FECA0B300E32ABD /* Item.swift */ = {isa = PBXFileReference; fileEncoding = 4; lastKnownFileType = sourcecode.swift; path = Item.swift; sourceTree = "<group>"; };
		411EA5391FF080F800E32ABD /* DataViewController.swift */ = {isa = PBXFileReference; fileEncoding = 4; lastKnownFileType = sourcecode.swift; path = DataViewController.swift; sourceTree = "<group>"; };
		41F831851FE9FC2100638587 /* NewsReader.app */ = {isa = PBXFileReference; explicitFileType = wrapper.application; includeInIndex = 0; path = NewsReader.app; sourceTree = BUILT_PRODUCTS_DIR; };
		41F831881FE9FC2100638587 /* AppDelegate.swift */ = {isa = PBXFileReference; lastKnownFileType = sourcecode.swift; path = AppDelegate.swift; sourceTree = "<group>"; };
		41F8318D1FE9FC2100638587 /* Base */ = {isa = PBXFileReference; lastKnownFileType = file.storyboard; name = Base; path = Base.lproj/Main.storyboard; sourceTree = "<group>"; };
		41F8318F1FE9FC2100638587 /* Assets.xcassets */ = {isa = PBXFileReference; lastKnownFileType = folder.assetcatalog; path = Assets.xcassets; sourceTree = "<group>"; };
		41F831921FE9FC2100638587 /* Base */ = {isa = PBXFileReference; lastKnownFileType = file.storyboard; name = Base; path = Base.lproj/LaunchScreen.storyboard; sourceTree = "<group>"; };
		41F831941FE9FC2100638587 /* Info.plist */ = {isa = PBXFileReference; lastKnownFileType = text.plist.xml; path = Info.plist; sourceTree = "<group>"; };
		41F8319A1FE9FCC200638587 /* ListViewController.swift */ = {isa = PBXFileReference; fileEncoding = 4; lastKnownFileType = sourcecode.swift; path = ListViewController.swift; sourceTree = "<group>"; };
/* End PBXFileReference section */

/* Begin PBXFrameworksBuildPhase section */
		41F831821FE9FC2100638587 /* Frameworks */ = {
			isa = PBXFrameworksBuildPhase;
			buildActionMask = 2147483647;
			files = (
			);
			runOnlyForDeploymentPostprocessing = 0;
		};
/* End PBXFrameworksBuildPhase section */

/* Begin PBXGroup section */
		41F8317C1FE9FC2100638587 = {
			isa = PBXGroup;
			children = (
				41F831871FE9FC2100638587 /* NewsReader */,
				41F831861FE9FC2100638587 /* Products */,
			);
			sourceTree = "<group>";
		};
		41F831861FE9FC2100638587 /* Products */ = {
			isa = PBXGroup;
			children = (
				41F831851FE9FC2100638587 /* NewsReader.app */,
			);
			name = Products;
			sourceTree = "<group>";
		};
		41F831871FE9FC2100638587 /* NewsReader */ = {
			isa = PBXGroup;
			children = (
				41F831881FE9FC2100638587 /* AppDelegate.swift */,
				41F8318C1FE9FC2100638587 /* Main.storyboard */,
				411EA5371FECA0B300E32ABD /* Item.swift */,
				41F8319A1FE9FCC200638587 /* ListViewController.swift */,
				411EA5391FF080F800E32ABD /* DataViewController.swift */,
				41F8318F1FE9FC2100638587 /* Assets.xcassets */,
				41F831911FE9FC2100638587 /* LaunchScreen.storyboard */,
				41F831941FE9FC2100638587 /* Info.plist */,
			);
			path = NewsReader;
			sourceTree = "<group>";
		};
/* End PBXGroup section */

/* Begin PBXNativeTarget section */
		41F831841FE9FC2100638587 /* NewsReader */ = {
			isa = PBXNativeTarget;
			buildConfigurationList = 41F831971FE9FC2100638587 /* Build configuration list for PBXNativeTarget "NewsReader" */;
			buildPhases = (
				41F831811FE9FC2100638587 /* Sources */,
				41F831821FE9FC2100638587 /* Frameworks */,
				41F831831FE9FC2100638587 /* Resources */,
			);
			buildRules = (
			);
			dependencies = (
			);
			name = NewsReader;
			productName = NewsReader;
			productReference = 41F831851FE9FC2100638587 /* NewsReader.app */;
			productType = "com.apple.product-type.application";
		};
/* End PBXNativeTarget section */

/* Begin PBXProject section */
		41F8317D1FE9FC2100638587 /* Project object */ = {
			isa = PBXProject;
			attributes = {
				LastSwiftUpdateCheck = 0830;
				LastUpgradeCheck = 0830;
				ORGANIZATIONNAME = "Rie Kato";
				TargetAttributes = {
					41F831841FE9FC2100638587 = {
						CreatedOnToolsVersion = 8.3.3;
						DevelopmentTeam = Y7522692LT;
						ProvisioningStyle = Manual;
					};
				};
			};
			buildConfigurationList = 41F831801FE9FC2100638587 /* Build configuration list for PBXProject "NewsReader" */;
			compatibilityVersion = "Xcode 3.2";
			developmentRegion = English;
			hasScannedForEncodings = 0;
			knownRegions = (
				en,
				Base,
			);
			mainGroup = 41F8317C1FE9FC2100638587;
			productRefGroup = 41F831861FE9FC2100638587 /* Products */;
			projectDirPath = "";
			projectRoot = "";
			targets = (
				41F831841FE9FC2100638587 /* NewsReader */,
			);
		};
/* End PBXProject section */

/* Begin PBXResourcesBuildPhase section */
		41F831831FE9FC2100638587 /* Resources */ = {
			isa = PBXResourcesBuildPhase;
			buildActionMask = 2147483647;
			files = (
				41F831931FE9FC2100638587 /* LaunchScreen.storyboard in Resources */,
				41F831901FE9FC2100638587 /* Assets.xcassets in Resources */,
				41F8318E1FE9FC2100638587 /* Main.storyboard in Resources */,
			);
			runOnlyForDeploymentPostprocessing = 0;
		};
/* End PBXResourcesBuildPhase section */

/* Begin PBXSourcesBuildPhase section */
		41F831811FE9FC2100638587 /* Sources */ = {
			isa = PBXSourcesBuildPhase;
			buildActionMask = 2147483647;
			files = (
				411EA53A1FF080F800E32ABD /* DataViewController.swift in Sources */,
				41F8319B1FE9FCC200638587 /* ListViewController.swift in Sources */,
				411EA5381FECA0B300E32ABD /* Item.swift in Sources */,
				41F831891FE9FC2100638587 /* AppDelegate.swift in Sources */,
			);
			runOnlyForDeploymentPostprocessing = 0;
		};
/* End PBXSourcesBuildPhase section */

/* Begin PBXVariantGroup section */
		41F8318C1FE9FC2100638587 /* Main.storyboard */ = {
			isa = PBXVariantGroup;
			children = (
				41F8318D1FE9FC2100638587 /* Base */,
			);
			name = Main.storyboard;
			sourceTree = "<group>";
		};
		41F831911FE9FC2100638587 /* LaunchScreen.storyboard */ = {
			isa = PBXVariantGroup;
			children = (
				41F831921FE9FC2100638587 /* Base */,
			);
			name = LaunchScreen.storyboard;
			sourceTree = "<group>";
		};
/* End PBXVariantGroup section */

/* Begin XCBuildConfiguration section */
		41F831951FE9FC2100638587 /* Debug */ = {
			isa = XCBuildConfiguration;
			buildSettings = {
				ALWAYS_SEARCH_USER_PATHS = NO;
				CLANG_ANALYZER_NONNULL = YES;
				CLANG_ANALYZER_NUMBER_OBJECT_CONVERSION = YES_AGGRESSIVE;
				CLANG_CXX_LANGUAGE_STANDARD = "gnu++0x";
				CLANG_CXX_LIBRARY = "libc++";
				CLANG_ENABLE_MODULES = YES;
				CLANG_ENABLE_OBJC_ARC = YES;
				CLANG_WARN_BOOL_CONVERSION = YES;
				CLANG_WARN_CONSTANT_CONVERSION = YES;
				CLANG_WARN_DIRECT_OBJC_ISA_USAGE = YES_ERROR;
				CLANG_WARN_DOCUMENTATION_COMMENTS = YES;
				CLANG_WARN_EMPTY_BODY = YES;
				CLANG_WARN_ENUM_CONVERSION = YES;
				CLANG_WARN_INFINITE_RECURSION = YES;
				CLANG_WARN_INT_CONVERSION = YES;
				CLANG_WARN_OBJC_ROOT_CLASS = YES_ERROR;
				CLANG_WARN_SUSPICIOUS_MOVE = YES;
				CLANG_WARN_UNREACHABLE_CODE = YES;
				CLANG_WARN__DUPLICATE_METHOD_MATCH = YES;
				"CODE_SIGN_IDENTITY[sdk=iphoneos*]" = "iPhone Developer";
				COPY_PHASE_STRIP = NO;
				DEBUG_INFORMATION_FORMAT = dwarf;
				ENABLE_STRICT_OBJC_MSGSEND = YES;
				ENABLE_TESTABILITY = YES;
				GCC_C_LANGUAGE_STANDARD = gnu99;
				GCC_DYNAMIC_NO_PIC = NO;
				GCC_NO_COMMON_BLOCKS = YES;
				GCC_OPTIMIZATION_LEVEL = 0;
				GCC_PREPROCESSOR_DEFINITIONS = (
					"DEBUG=1",
					"$(inherited)",
				);
				GCC_WARN_64_TO_32_BIT_CONVERSION = YES;
				GCC_WARN_ABOUT_RETURN_TYPE = YES_ERROR;
				GCC_WARN_UNDECLARED_SELECTOR = YES;
				GCC_WARN_UNINITIALIZED_AUTOS = YES_AGGRESSIVE;
				GCC_WARN_UNUSED_FUNCTION = YES;
				GCC_WARN_UNUSED_VARIABLE = YES;
				IPHONEOS_DEPLOYMENT_TARGET = 10.3;
				MTL_ENABLE_DEBUG_INFO = YES;
				ONLY_ACTIVE_ARCH = YES;
				SDKROOT = iphoneos;
				SWIFT_ACTIVE_COMPILATION_CONDITIONS = DEBUG;
				SWIFT_OPTIMIZATION_LEVEL = "-Onone";
				TARGETED_DEVICE_FAMILY = "1,2";
			};
			name = Debug;
		};
		41F831961FE9FC2100638587 /* Release */ = {
			isa = XCBuildConfiguration;
			buildSettings = {
				ALWAYS_SEARCH_USER_PATHS = NO;
				CLANG_ANALYZER_NONNULL = YES;
				CLANG_ANALYZER_NUMBER_OBJECT_CONVERSION = YES_AGGRESSIVE;
				CLANG_CXX_LANGUAGE_STANDARD = "gnu++0x";
				CLANG_CXX_LIBRARY = "libc++";
				CLANG_ENABLE_MODULES = YES;
				CLANG_ENABLE_OBJC_ARC = YES;
				CLANG_WARN_BOOL_CONVERSION = YES;
				CLANG_WARN_CONSTANT_CONVERSION = YES;
				CLANG_WARN_DIRECT_OBJC_ISA_USAGE = YES_ERROR;
				CLANG_WARN_DOCUMENTATION_COMMENTS = YES;
				CLANG_WARN_EMPTY_BODY = YES;
				CLANG_WARN_ENUM_CONVERSION = YES;
				CLANG_WARN_INFINITE_RECURSION = YES;
				CLANG_WARN_INT_CONVERSION = YES;
				CLANG_WARN_OBJC_ROOT_CLASS = YES_ERROR;
				CLANG_WARN_SUSPICIOUS_MOVE = YES;
				CLANG_WARN_UNREACHABLE_CODE = YES;
				CLANG_WARN__DUPLICATE_METHOD_MATCH = YES;
				"CODE_SIGN_IDENTITY[sdk=iphoneos*]" = "iPhone Developer";
				COPY_PHASE_STRIP = NO;
				DEBUG_INFORMATION_FORMAT = "dwarf-with-dsym";
				ENABLE_NS_ASSERTIONS = NO;
				ENABLE_STRICT_OBJC_MSGSEND = YES;
				GCC_C_LANGUAGE_STANDARD = gnu99;
				GCC_NO_COMMON_BLOCKS = YES;
				GCC_WARN_64_TO_32_BIT_CONVERSION = YES;
				GCC_WARN_ABOUT_RETURN_TYPE = YES_ERROR;
				GCC_WARN_UNDECLARED_SELECTOR = YES;
				GCC_WARN_UNINITIALIZED_AUTOS = YES_AGGRESSIVE;
				GCC_WARN_UNUSED_FUNCTION = YES;
				GCC_WARN_UNUSED_VARIABLE = YES;
				IPHONEOS_DEPLOYMENT_TARGET = 10.3;
				MTL_ENABLE_DEBUG_INFO = NO;
				SDKROOT = iphoneos;
				SWIFT_OPTIMIZATION_LEVEL = "-Owholemodule";
				TARGETED_DEVICE_FAMILY = "1,2";
				VALIDATE_PRODUCT = YES;
			};
			name = Release;
		};
		41F831981FE9FC2100638587 /* Debug */ = {
			isa = XCBuildConfiguration;
			buildSettings = {
				ASSETCATALOG_COMPILER_APPICON_NAME = AppIcon;
				DEVELOPMENT_TEAM = Y7522692LT;
				INFOPLIST_FILE = NewsReader/Info.plist;
				LD_RUNPATH_SEARCH_PATHS = "$(inherited) @executable_path/Frameworks";
				PRODUCT_BUNDLE_IDENTIFIER = bonjourie.katorie.NewsReader;
				PRODUCT_NAME = "$(TARGET_NAME)";
				PROVISIONING_PROFILE = "7cd791eb-f6c0-4a10-aa76-07f72e76d39a";
				PROVISIONING_PROFILE_SPECIFIER = "Ubiregi Development Wildcard";
				SWIFT_VERSION = 3.0;
			};
			name = Debug;
		};
		41F831991FE9FC2100638587 /* Release */ = {
			isa = XCBuildConfiguration;
			buildSettings = {
				ASSETCATALOG_COMPILER_APPICON_NAME = AppIcon;
				DEVELOPMENT_TEAM = "";
				INFOPLIST_FILE = NewsReader/Info.plist;
				LD_RUNPATH_SEARCH_PATHS = "$(inherited) @executable_path/Frameworks";
				PRODUCT_BUNDLE_IDENTIFIER = bonjourie.katorie.NewsReader;
				PRODUCT_NAME = "$(TARGET_NAME)";
				PROVISIONING_PROFILE_SPECIFIER = "";
				SWIFT_VERSION = 3.0;
			};
			name = Release;
		};
/* End XCBuildConfiguration section */

/* Begin XCConfigurationList section */
		41F831801FE9FC2100638587 /* Build configuration list for PBXProject "NewsReader" */ = {
			isa = XCConfigurationList;
			buildConfigurations = (
				41F831951FE9FC2100638587 /* Debug */,
				41F831961FE9FC2100638587 /* Release */,
			);
			defaultConfigurationIsVisible = 0;
			defaultConfigurationName = Release;
		};
		41F831971FE9FC2100638587 /* Build configuration list for PBXNativeTarget "NewsReader" */ = {
			isa = XCConfigurationList;
			buildConfigurations = (
				41F831981FE9FC2100638587 /* Debug */,
				41F831991FE9FC2100638587 /* Release */,
			);
			defaultConfigurationIsVisible = 0;
			defaultConfigurationName = Release;
		};
/* End XCConfigurationList section */
	};
	rootObject = 41F8317D1FE9FC2100638587 /* Project object */;
}
